// !$*UTF8*$!
{
	archiveVersion = 1;
	classes = {
	};
	objectVersion = 55;
	objects = {

/* Begin PBXBuildFile section */
		525B7EA9289009ED0099C11C /* AppDelegate.swift in Sources */ = {isa = PBXBuildFile; fileRef = 525B7EA8289009ED0099C11C /* AppDelegate.swift */; };
		525B7EAB289009ED0099C11C /* SceneDelegate.swift in Sources */ = {isa = PBXBuildFile; fileRef = 525B7EAA289009ED0099C11C /* SceneDelegate.swift */; };
		525B7EAD289009ED0099C11C /* TableViewWithDiffSectionsExample.swift in Sources */ = {isa = PBXBuildFile; fileRef = 525B7EAC289009ED0099C11C /* TableViewWithDiffSectionsExample.swift */; };
		525B7EB0289009ED0099C11C /* Main.storyboard in Resources */ = {isa = PBXBuildFile; fileRef = 525B7EAE289009ED0099C11C /* Main.storyboard */; };
		525B7EB2289009F00099C11C /* Assets.xcassets in Resources */ = {isa = PBXBuildFile; fileRef = 525B7EB1289009F00099C11C /* Assets.xcassets */; };
		525B7EB5289009F00099C11C /* LaunchScreen.storyboard in Resources */ = {isa = PBXBuildFile; fileRef = 525B7EB3289009F00099C11C /* LaunchScreen.storyboard */; };
		525B7EC0289028F00099C11C /* SaveLoadDataViewController.swift in Sources */ = {isa = PBXBuildFile; fileRef = 525B7EBF289028F00099C11C /* SaveLoadDataViewController.swift */; };
		525B7EC3289032540099C11C /* UserDefaultsHelper.swift in Sources */ = {isa = PBXBuildFile; fileRef = 525B7EC2289032540099C11C /* UserDefaultsHelper.swift */; };
		525B7EC928908BDB0099C11C /* CoreDataExample.xcdatamodeld in Sources */ = {isa = PBXBuildFile; fileRef = 525B7EC728908BDB0099C11C /* CoreDataExample.xcdatamodeld */; };
		525B7ECB28908E000099C11C /* TodoListViewController.swift in Sources */ = {isa = PBXBuildFile; fileRef = 525B7ECA28908E000099C11C /* TodoListViewController.swift */; };
		52D10784289142DA0029D2F1 /* Podfile in Resources */ = {isa = PBXBuildFile; fileRef = 52D10783289142DA0029D2F1 /* Podfile */; };
		52D20BAD289154A200287548 /* GithubAPIViewController.swift in Sources */ = {isa = PBXBuildFile; fileRef = 52D20BAC289154A200287548 /* GithubAPIViewController.swift */; };
		5FB4803E836CC002C64A56F4 /* Pods_CoreDataAndAlamofire.framework in Frameworks */ = {isa = PBXBuildFile; fileRef = C3CD799DE7CC90F90E8EC989 /* Pods_CoreDataAndAlamofire.framework */; };
/* End PBXBuildFile section */

/* Begin PBXFileReference section */
		29A6638014310443FF01FB4D /* Pods-CoreDataAndAlamofire.debug.xcconfig */ = {isa = PBXFileReference; includeInIndex = 1; lastKnownFileType = text.xcconfig; name = "Pods-CoreDataAndAlamofire.debug.xcconfig"; path = "Target Support Files/Pods-CoreDataAndAlamofire/Pods-CoreDataAndAlamofire.debug.xcconfig"; sourceTree = "<group>"; };
		525B7EA5289009ED0099C11C /* CoreDataAndAlamofire.app */ = {isa = PBXFileReference; explicitFileType = wrapper.application; includeInIndex = 0; path = CoreDataAndAlamofire.app; sourceTree = BUILT_PRODUCTS_DIR; };
		525B7EA8289009ED0099C11C /* AppDelegate.swift */ = {isa = PBXFileReference; lastKnownFileType = sourcecode.swift; path = AppDelegate.swift; sourceTree = "<group>"; };
		525B7EAA289009ED0099C11C /* SceneDelegate.swift */ = {isa = PBXFileReference; lastKnownFileType = sourcecode.swift; path = SceneDelegate.swift; sourceTree = "<group>"; };
		525B7EAC289009ED0099C11C /* TableViewWithDiffSectionsExample.swift */ = {isa = PBXFileReference; lastKnownFileType = sourcecode.swift; path = TableViewWithDiffSectionsExample.swift; sourceTree = "<group>"; };
		525B7EAF289009ED0099C11C /* Base */ = {isa = PBXFileReference; lastKnownFileType = file.storyboard; name = Base; path = Base.lproj/Main.storyboard; sourceTree = "<group>"; };
		525B7EB1289009F00099C11C /* Assets.xcassets */ = {isa = PBXFileReference; lastKnownFileType = folder.assetcatalog; path = Assets.xcassets; sourceTree = "<group>"; };
		525B7EB4289009F00099C11C /* Base */ = {isa = PBXFileReference; lastKnownFileType = file.storyboard; name = Base; path = Base.lproj/LaunchScreen.storyboard; sourceTree = "<group>"; };
		525B7EB6289009F00099C11C /* Info.plist */ = {isa = PBXFileReference; lastKnownFileType = text.plist.xml; path = Info.plist; sourceTree = "<group>"; };
		525B7EBF289028F00099C11C /* SaveLoadDataViewController.swift */ = {isa = PBXFileReference; lastKnownFileType = sourcecode.swift; path = SaveLoadDataViewController.swift; sourceTree = "<group>"; };
		525B7EC2289032540099C11C /* UserDefaultsHelper.swift */ = {isa = PBXFileReference; lastKnownFileType = sourcecode.swift; path = UserDefaultsHelper.swift; sourceTree = "<group>"; };
		525B7EC828908BDB0099C11C /* Model.xcdatamodel */ = {isa = PBXFileReference; lastKnownFileType = wrapper.xcdatamodel; path = Model.xcdatamodel; sourceTree = "<group>"; };
		525B7ECA28908E000099C11C /* TodoListViewController.swift */ = {isa = PBXFileReference; lastKnownFileType = sourcecode.swift; path = TodoListViewController.swift; sourceTree = "<group>"; };
		52D10783289142DA0029D2F1 /* Podfile */ = {isa = PBXFileReference; lastKnownFileType = text; path = Podfile; sourceTree = "<group>"; };
		52D20BAC289154A200287548 /* GithubAPIViewController.swift */ = {isa = PBXFileReference; lastKnownFileType = sourcecode.swift; path = GithubAPIViewController.swift; sourceTree = "<group>"; };
		C3CD799DE7CC90F90E8EC989 /* Pods_CoreDataAndAlamofire.framework */ = {isa = PBXFileReference; explicitFileType = wrapper.framework; includeInIndex = 0; path = Pods_CoreDataAndAlamofire.framework; sourceTree = BUILT_PRODUCTS_DIR; };
		D2E7F9C89FE4905228D86747 /* Pods-CoreDataAndAlamofire.release.xcconfig */ = {isa = PBXFileReference; includeInIndex = 1; lastKnownFileType = text.xcconfig; name = "Pods-CoreDataAndAlamofire.release.xcconfig"; path = "Target Support Files/Pods-CoreDataAndAlamofire/Pods-CoreDataAndAlamofire.release.xcconfig"; sourceTree = "<group>"; };
/* End PBXFileReference section */

/* Begin PBXFrameworksBuildPhase section */
		525B7EA2289009ED0099C11C /* Frameworks */ = {
			isa = PBXFrameworksBuildPhase;
			buildActionMask = 2147483647;
			files = (
				5FB4803E836CC002C64A56F4 /* Pods_CoreDataAndAlamofire.framework in Frameworks */,
			);
			runOnlyForDeploymentPostprocessing = 0;
		};
/* End PBXFrameworksBuildPhase section */

/* Begin PBXGroup section */
		169ACF2337893DBDAEC2C113 /* Pods */ = {
			isa = PBXGroup;
			children = (
				29A6638014310443FF01FB4D /* Pods-CoreDataAndAlamofire.debug.xcconfig */,
				D2E7F9C89FE4905228D86747 /* Pods-CoreDataAndAlamofire.release.xcconfig */,
			);
			path = Pods;
			sourceTree = "<group>";
		};
		525B7E9C289009ED0099C11C = {
			isa = PBXGroup;
			children = (
				52D10783289142DA0029D2F1 /* Podfile */,
				525B7EA7289009ED0099C11C /* CoreDataAndAlamofire */,
				525B7EA6289009ED0099C11C /* Products */,
				169ACF2337893DBDAEC2C113 /* Pods */,
				BEBB7FAC1265D2CA03F0C5D1 /* Frameworks */,
			);
			sourceTree = "<group>";
		};
		525B7EA6289009ED0099C11C /* Products */ = {
			isa = PBXGroup;
			children = (
				525B7EA5289009ED0099C11C /* CoreDataAndAlamofire.app */,
			);
			name = Products;
			sourceTree = "<group>";
		};
		525B7EA7289009ED0099C11C /* CoreDataAndAlamofire */ = {
			isa = PBXGroup;
			children = (
				525B7EA8289009ED0099C11C /* AppDelegate.swift */,
				525B7EAA289009ED0099C11C /* SceneDelegate.swift */,
				525B7EC428908B420099C11C /* 1_TableViewWithSections */,
				525B7EC528908B5B0099C11C /* 2_UserDefaultsExample */,
				525B7EC628908BB90099C11C /* 3_CoreData */,
				52D20BAB2891544D00287548 /* 4_Alamofire */,
				525B7EB1289009F00099C11C /* Assets.xcassets */,
				525B7EAE289009ED0099C11C /* Main.storyboard */,
				525B7EB3289009F00099C11C /* LaunchScreen.storyboard */,
				525B7EB6289009F00099C11C /* Info.plist */,
			);
			path = CoreDataAndAlamofire;
			sourceTree = "<group>";
		};
		525B7EC1289032410099C11C /* Helpers */ = {
			isa = PBXGroup;
			children = (
				525B7EC2289032540099C11C /* UserDefaultsHelper.swift */,
			);
			path = Helpers;
			sourceTree = "<group>";
		};
		525B7EC428908B420099C11C /* 1_TableViewWithSections */ = {
			isa = PBXGroup;
			children = (
				525B7EAC289009ED0099C11C /* TableViewWithDiffSectionsExample.swift */,
			);
			path = 1_TableViewWithSections;
			sourceTree = "<group>";
		};
		525B7EC528908B5B0099C11C /* 2_UserDefaultsExample */ = {
			isa = PBXGroup;
			children = (
				525B7EC1289032410099C11C /* Helpers */,
				525B7EBF289028F00099C11C /* SaveLoadDataViewController.swift */,
			);
			path = 2_UserDefaultsExample;
			sourceTree = "<group>";
		};
		525B7EC628908BB90099C11C /* 3_CoreData */ = {
			isa = PBXGroup;
			children = (
				525B7EC728908BDB0099C11C /* CoreDataExample.xcdatamodeld */,
				525B7ECA28908E000099C11C /* TodoListViewController.swift */,
			);
			path = 3_CoreData;
			sourceTree = "<group>";
		};
		52D20BAB2891544D00287548 /* 4_Alamofire */ = {
			isa = PBXGroup;
			children = (
				52D20BAC289154A200287548 /* GithubAPIViewController.swift */,
			);
			path = 4_Alamofire;
			sourceTree = "<group>";
		};
		BEBB7FAC1265D2CA03F0C5D1 /* Frameworks */ = {
			isa = PBXGroup;
			children = (
				C3CD799DE7CC90F90E8EC989 /* Pods_CoreDataAndAlamofire.framework */,
			);
			name = Frameworks;
			sourceTree = "<group>";
		};
/* End PBXGroup section */

/* Begin PBXNativeTarget section */
		525B7EA4289009ED0099C11C /* CoreDataAndAlamofire */ = {
			isa = PBXNativeTarget;
			buildConfigurationList = 525B7EB9289009F00099C11C /* Build configuration list for PBXNativeTarget "CoreDataAndAlamofire" */;
			buildPhases = (
				9F2288D0C40B4330179D7CC4 /* [CP] Check Pods Manifest.lock */,
				525B7EA1289009ED0099C11C /* Sources */,
				525B7EA2289009ED0099C11C /* Frameworks */,
				525B7EA3289009ED0099C11C /* Resources */,
				0D859EC55B030DA22B060A9A /* [CP] Embed Pods Frameworks */,
			);
			buildRules = (
			);
			dependencies = (
			);
			name = CoreDataAndAlamofire;
			productName = CoreDataAndAlamofire;
			productReference = 525B7EA5289009ED0099C11C /* CoreDataAndAlamofire.app */;
			productType = "com.apple.product-type.application";
		};
/* End PBXNativeTarget section */

/* Begin PBXProject section */
		525B7E9D289009ED0099C11C /* Project object */ = {
			isa = PBXProject;
			attributes = {
				BuildIndependentTargetsInParallel = 1;
				LastSwiftUpdateCheck = 1330;
				LastUpgradeCheck = 1330;
				TargetAttributes = {
					525B7EA4289009ED0099C11C = {
						CreatedOnToolsVersion = 13.3.1;
					};
				};
			};
			buildConfigurationList = 525B7EA0289009ED0099C11C /* Build configuration list for PBXProject "CoreDataAndAlamofire" */;
			compatibilityVersion = "Xcode 13.0";
			developmentRegion = en;
			hasScannedForEncodings = 0;
			knownRegions = (
				en,
				Base,
			);
			mainGroup = 525B7E9C289009ED0099C11C;
			productRefGroup = 525B7EA6289009ED0099C11C /* Products */;
			projectDirPath = "";
			projectRoot = "";
			targets = (
				525B7EA4289009ED0099C11C /* CoreDataAndAlamofire */,
			);
		};
/* End PBXProject section */

/* Begin PBXResourcesBuildPhase section */
		525B7EA3289009ED0099C11C /* Resources */ = {
			isa = PBXResourcesBuildPhase;
			buildActionMask = 2147483647;
			files = (
				525B7EB5289009F00099C11C /* LaunchScreen.storyboard in Resources */,
				525B7EB2289009F00099C11C /* Assets.xcassets in Resources */,
				52D10784289142DA0029D2F1 /* Podfile in Resources */,
				525B7EB0289009ED0099C11C /* Main.storyboard in Resources */,
			);
			runOnlyForDeploymentPostprocessing = 0;
		};
/* End PBXResourcesBuildPhase section */

/* Begin PBXShellScriptBuildPhase section */
		0D859EC55B030DA22B060A9A /* [CP] Embed Pods Frameworks */ = {
			isa = PBXShellScriptBuildPhase;
			buildActionMask = 2147483647;
			files = (
			);
			inputFileListPaths = (
				"${PODS_ROOT}/Target Support Files/Pods-CoreDataAndAlamofire/Pods-CoreDataAndAlamofire-frameworks-${CONFIGURATION}-input-files.xcfilelist",
			);
			name = "[CP] Embed Pods Frameworks";
			outputFileListPaths = (
				"${PODS_ROOT}/Target Support Files/Pods-CoreDataAndAlamofire/Pods-CoreDataAndAlamofire-frameworks-${CONFIGURATION}-output-files.xcfilelist",
			);
			runOnlyForDeploymentPostprocessing = 0;
			shellPath = /bin/sh;
			shellScript = "\"${PODS_ROOT}/Target Support Files/Pods-CoreDataAndAlamofire/Pods-CoreDataAndAlamofire-frameworks.sh\"\n";
			showEnvVarsInLog = 0;
		};
		9F2288D0C40B4330179D7CC4 /* [CP] Check Pods Manifest.lock */ = {
			isa = PBXShellScriptBuildPhase;
			buildActionMask = 2147483647;
			files = (
			);
			inputFileListPaths = (
			);
			inputPaths = (
				"${PODS_PODFILE_DIR_PATH}/Podfile.lock",
				"${PODS_ROOT}/Manifest.lock",
			);
			name = "[CP] Check Pods Manifest.lock";
			outputFileListPaths = (
			);
			outputPaths = (
				"$(DERIVED_FILE_DIR)/Pods-CoreDataAndAlamofire-checkManifestLockResult.txt",
			);
			runOnlyForDeploymentPostprocessing = 0;
			shellPath = /bin/sh;
			shellScript = "diff \"${PODS_PODFILE_DIR_PATH}/Podfile.lock\" \"${PODS_ROOT}/Manifest.lock\" > /dev/null\nif [ $? != 0 ] ; then\n    # print error to STDERR\n    echo \"error: The sandbox is not in sync with the Podfile.lock. Run 'pod install' or update your CocoaPods installation.\" >&2\n    exit 1\nfi\n# This output is used by Xcode 'outputs' to avoid re-running this script phase.\necho \"SUCCESS\" > \"${SCRIPT_OUTPUT_FILE_0}\"\n";
			showEnvVarsInLog = 0;
		};
/* End PBXShellScriptBuildPhase section */

/* Begin PBXSourcesBuildPhase section */
		525B7EA1289009ED0099C11C /* Sources */ = {
			isa = PBXSourcesBuildPhase;
			buildActionMask = 2147483647;
			files = (
				525B7EC3289032540099C11C /* UserDefaultsHelper.swift in Sources */,
				525B7ECB28908E000099C11C /* TodoListViewController.swift in Sources */,
				525B7EAD289009ED0099C11C /* TableViewWithDiffSectionsExample.swift in Sources */,
				525B7EA9289009ED0099C11C /* AppDelegate.swift in Sources */,
				52D20BAD289154A200287548 /* GithubAPIViewController.swift in Sources */,
				525B7EC0289028F00099C11C /* SaveLoadDataViewController.swift in Sources */,
				525B7EAB289009ED0099C11C /* SceneDelegate.swift in Sources */,
				525B7EC928908BDB0099C11C /* CoreDataExample.xcdatamodeld in Sources */,
			);
			runOnlyForDeploymentPostprocessing = 0;
		};
/* End PBXSourcesBuildPhase section */

/* Begin PBXVariantGroup section */
		525B7EAE289009ED0099C11C /* Main.storyboard */ = {
			isa = PBXVariantGroup;
			children = (
				525B7EAF289009ED0099C11C /* Base */,
			);
			name = Main.storyboard;
			sourceTree = "<group>";
		};
		525B7EB3289009F00099C11C /* LaunchScreen.storyboard */ = {
			isa = PBXVariantGroup;
			children = (
				525B7EB4289009F00099C11C /* Base */,
			);
			name = LaunchScreen.storyboard;
			sourceTree = "<group>";
		};
/* End PBXVariantGroup section */

/* Begin XCBuildConfiguration section */
		525B7EB7289009F00099C11C /* Debug */ = {
			isa = XCBuildConfiguration;
			buildSettings = {
				ALWAYS_SEARCH_USER_PATHS = NO;
				CLANG_ANALYZER_NONNULL = YES;
				CLANG_ANALYZER_NUMBER_OBJECT_CONVERSION = YES_AGGRESSIVE;
				CLANG_CXX_LANGUAGE_STANDARD = "gnu++17";
				CLANG_ENABLE_MODULES = YES;
				CLANG_ENABLE_OBJC_ARC = YES;
				CLANG_ENABLE_OBJC_WEAK = YES;
				CLANG_WARN_BLOCK_CAPTURE_AUTORELEASING = YES;
				CLANG_WARN_BOOL_CONVERSION = YES;
				CLANG_WARN_COMMA = YES;
				CLANG_WARN_CONSTANT_CONVERSION = YES;
				CLANG_WARN_DEPRECATED_OBJC_IMPLEMENTATIONS = YES;
				CLANG_WARN_DIRECT_OBJC_ISA_USAGE = YES_ERROR;
				CLANG_WARN_DOCUMENTATION_COMMENTS = YES;
				CLANG_WARN_EMPTY_BODY = YES;
				CLANG_WARN_ENUM_CONVERSION = YES;
				CLANG_WARN_INFINITE_RECURSION = YES;
				CLANG_WARN_INT_CONVERSION = YES;
				CLANG_WARN_NON_LITERAL_NULL_CONVERSION = YES;
				CLANG_WARN_OBJC_IMPLICIT_RETAIN_SELF = YES;
				CLANG_WARN_OBJC_LITERAL_CONVERSION = YES;
				CLANG_WARN_OBJC_ROOT_CLASS = YES_ERROR;
				CLANG_WARN_QUOTED_INCLUDE_IN_FRAMEWORK_HEADER = YES;
				CLANG_WARN_RANGE_LOOP_ANALYSIS = YES;
				CLANG_WARN_STRICT_PROTOTYPES = YES;
				CLANG_WARN_SUSPICIOUS_MOVE = YES;
				CLANG_WARN_UNGUARDED_AVAILABILITY = YES_AGGRESSIVE;
				CLANG_WARN_UNREACHABLE_CODE = YES;
				CLANG_WARN__DUPLICATE_METHOD_MATCH = YES;
				COPY_PHASE_STRIP = NO;
				DEBUG_INFORMATION_FORMAT = dwarf;
				ENABLE_STRICT_OBJC_MSGSEND = YES;
				ENABLE_TESTABILITY = YES;
				GCC_C_LANGUAGE_STANDARD = gnu11;
				GCC_DYNAMIC_NO_PIC = NO;
				GCC_NO_COMMON_BLOCKS = YES;
				GCC_OPTIMIZATION_LEVEL = 0;
				GCC_PREPROCESSOR_DEFINITIONS = (
					"DEBUG=1",
					"$(inherited)",
				);
				GCC_WARN_64_TO_32_BIT_CONVERSION = YES;
				GCC_WARN_ABOUT_RETURN_TYPE = YES_ERROR;
				GCC_WARN_UNDECLARED_SELECTOR = YES;
				GCC_WARN_UNINITIALIZED_AUTOS = YES_AGGRESSIVE;
				GCC_WARN_UNUSED_FUNCTION = YES;
				GCC_WARN_UNUSED_VARIABLE = YES;
				IPHONEOS_DEPLOYMENT_TARGET = 15.4;
				MTL_ENABLE_DEBUG_INFO = INCLUDE_SOURCE;
				MTL_FAST_MATH = YES;
				ONLY_ACTIVE_ARCH = YES;
				SDKROOT = iphoneos;
				SWIFT_ACTIVE_COMPILATION_CONDITIONS = DEBUG;
				SWIFT_OPTIMIZATION_LEVEL = "-Onone";
			};
			name = Debug;
		};
		525B7EB8289009F00099C11C /* Release */ = {
			isa = XCBuildConfiguration;
			buildSettings = {
				ALWAYS_SEARCH_USER_PATHS = NO;
				CLANG_ANALYZER_NONNULL = YES;
				CLANG_ANALYZER_NUMBER_OBJECT_CONVERSION = YES_AGGRESSIVE;
				CLANG_CXX_LANGUAGE_STANDARD = "gnu++17";
				CLANG_ENABLE_MODULES = YES;
				CLANG_ENABLE_OBJC_ARC = YES;
				CLANG_ENABLE_OBJC_WEAK = YES;
				CLANG_WARN_BLOCK_CAPTURE_AUTORELEASING = YES;
				CLANG_WARN_BOOL_CONVERSION = YES;
				CLANG_WARN_COMMA = YES;
				CLANG_WARN_CONSTANT_CONVERSION = YES;
				CLANG_WARN_DEPRECATED_OBJC_IMPLEMENTATIONS = YES;
				CLANG_WARN_DIRECT_OBJC_ISA_USAGE = YES_ERROR;
				CLANG_WARN_DOCUMENTATION_COMMENTS = YES;
				CLANG_WARN_EMPTY_BODY = YES;
				CLANG_WARN_ENUM_CONVERSION = YES;
				CLANG_WARN_INFINITE_RECURSION = YES;
				CLANG_WARN_INT_CONVERSION = YES;
				CLANG_WARN_NON_LITERAL_NULL_CONVERSION = YES;
				CLANG_WARN_OBJC_IMPLICIT_RETAIN_SELF = YES;
				CLANG_WARN_OBJC_LITERAL_CONVERSION = YES;
				CLANG_WARN_OBJC_ROOT_CLASS = YES_ERROR;
				CLANG_WARN_QUOTED_INCLUDE_IN_FRAMEWORK_HEADER = YES;
				CLANG_WARN_RANGE_LOOP_ANALYSIS = YES;
				CLANG_WARN_STRICT_PROTOTYPES = YES;
				CLANG_WARN_SUSPICIOUS_MOVE = YES;
				CLANG_WARN_UNGUARDED_AVAILABILITY = YES_AGGRESSIVE;
				CLANG_WARN_UNREACHABLE_CODE = YES;
				CLANG_WARN__DUPLICATE_METHOD_MATCH = YES;
				COPY_PHASE_STRIP = NO;
				DEBUG_INFORMATION_FORMAT = "dwarf-with-dsym";
				ENABLE_NS_ASSERTIONS = NO;
				ENABLE_STRICT_OBJC_MSGSEND = YES;
				GCC_C_LANGUAGE_STANDARD = gnu11;
				GCC_NO_COMMON_BLOCKS = YES;
				GCC_WARN_64_TO_32_BIT_CONVERSION = YES;
				GCC_WARN_ABOUT_RETURN_TYPE = YES_ERROR;
				GCC_WARN_UNDECLARED_SELECTOR = YES;
				GCC_WARN_UNINITIALIZED_AUTOS = YES_AGGRESSIVE;
				GCC_WARN_UNUSED_FUNCTION = YES;
				GCC_WARN_UNUSED_VARIABLE = YES;
				IPHONEOS_DEPLOYMENT_TARGET = 15.4;
				MTL_ENABLE_DEBUG_INFO = NO;
				MTL_FAST_MATH = YES;
				SDKROOT = iphoneos;
				SWIFT_COMPILATION_MODE = wholemodule;
				SWIFT_OPTIMIZATION_LEVEL = "-O";
				VALIDATE_PRODUCT = YES;
			};
			name = Release;
		};
		525B7EBA289009F00099C11C /* Debug */ = {
			isa = XCBuildConfiguration;
			baseConfigurationReference = 29A6638014310443FF01FB4D /* Pods-CoreDataAndAlamofire.debug.xcconfig */;
			buildSettings = {
				ASSETCATALOG_COMPILER_APPICON_NAME = AppIcon;
				ASSETCATALOG_COMPILER_GLOBAL_ACCENT_COLOR_NAME = AccentColor;
				CODE_SIGN_STYLE = Automatic;
				CURRENT_PROJECT_VERSION = 1;
				GENERATE_INFOPLIST_FILE = YES;
				INFOPLIST_FILE = CoreDataAndAlamofire/Info.plist;
				INFOPLIST_KEY_UIApplicationSupportsIndirectInputEvents = YES;
				INFOPLIST_KEY_UILaunchStoryboardName = LaunchScreen;
				INFOPLIST_KEY_UIMainStoryboardFile = Main;
				INFOPLIST_KEY_UISupportedInterfaceOrientations_iPad = "UIInterfaceOrientationPortrait UIInterfaceOrientationPortraitUpsideDown UIInterfaceOrientationLandscapeLeft UIInterfaceOrientationLandscapeRight";
				INFOPLIST_KEY_UISupportedInterfaceOrientations_iPhone = "UIInterfaceOrientationPortrait UIInterfaceOrientationLandscapeLeft UIInterfaceOrientationLandscapeRight";
				LD_RUNPATH_SEARCH_PATHS = (
					"$(inherited)",
					"@executable_path/Frameworks",
				);
				MARKETING_VERSION = 1.0;
				PRODUCT_BUNDLE_IDENTIFIER = DevBorisElkin.CoreDataAndAlamofire;
				PRODUCT_NAME = "$(TARGET_NAME)";
				SWIFT_EMIT_LOC_STRINGS = YES;
				SWIFT_VERSION = 5.0;
				TARGETED_DEVICE_FAMILY = "1,2";
			};
			name = Debug;
		};
		525B7EBB289009F00099C11C /* Release */ = {
			isa = XCBuildConfiguration;
			baseConfigurationReference = D2E7F9C89FE4905228D86747 /* Pods-CoreDataAndAlamofire.release.xcconfig */;
			buildSettings = {
				ASSETCATALOG_COMPILER_APPICON_NAME = AppIcon;
				ASSETCATALOG_COMPILER_GLOBAL_ACCENT_COLOR_NAME = AccentColor;
				CODE_SIGN_STYLE = Automatic;
				CURRENT_PROJECT_VERSION = 1;
				GENERATE_INFOPLIST_FILE = YES;
				INFOPLIST_FILE = CoreDataAndAlamofire/Info.plist;
				INFOPLIST_KEY_UIApplicationSupportsIndirectInputEvents = YES;
				INFOPLIST_KEY_UILaunchStoryboardName = LaunchScreen;
				INFOPLIST_KEY_UIMainStoryboardFile = Main;
				INFOPLIST_KEY_UISupportedInterfaceOrientations_iPad = "UIInterfaceOrientationPortrait UIInterfaceOrientationPortraitUpsideDown UIInterfaceOrientationLandscapeLeft UIInterfaceOrientationLandscapeRight";
				INFOPLIST_KEY_UISupportedInterfaceOrientations_iPhone = "UIInterfaceOrientationPortrait UIInterfaceOrientationLandscapeLeft UIInterfaceOrientationLandscapeRight";
				LD_RUNPATH_SEARCH_PATHS = (
					"$(inherited)",
					"@executable_path/Frameworks",
				);
				MARKETING_VERSION = 1.0;
				PRODUCT_BUNDLE_IDENTIFIER = DevBorisElkin.CoreDataAndAlamofire;
				PRODUCT_NAME = "$(TARGET_NAME)";
				SWIFT_EMIT_LOC_STRINGS = YES;
				SWIFT_VERSION = 5.0;
				TARGETED_DEVICE_FAMILY = "1,2";
			};
			name = Release;
		};
/* End XCBuildConfiguration section */

/* Begin XCConfigurationList section */
		525B7EA0289009ED0099C11C /* Build configuration list for PBXProject "CoreDataAndAlamofire" */ = {
			isa = XCConfigurationList;
			buildConfigurations = (
				525B7EB7289009F00099C11C /* Debug */,
				525B7EB8289009F00099C11C /* Release */,
			);
			defaultConfigurationIsVisible = 0;
			defaultConfigurationName = Release;
		};
		525B7EB9289009F00099C11C /* Build configuration list for PBXNativeTarget "CoreDataAndAlamofire" */ = {
			isa = XCConfigurationList;
			buildConfigurations = (
				525B7EBA289009F00099C11C /* Debug */,
				525B7EBB289009F00099C11C /* Release */,
			);
			defaultConfigurationIsVisible = 0;
			defaultConfigurationName = Release;
		};
/* End XCConfigurationList section */

/* Begin XCVersionGroup section */
		525B7EC728908BDB0099C11C /* CoreDataExample.xcdatamodeld */ = {
			isa = XCVersionGroup;
			children = (
				525B7EC828908BDB0099C11C /* Model.xcdatamodel */,
			);
			currentVersion = 525B7EC828908BDB0099C11C /* Model.xcdatamodel */;
			path = CoreDataExample.xcdatamodeld;
			sourceTree = "<group>";
			versionGroupType = wrapper.xcdatamodel;
		};
/* End XCVersionGroup section */
	};
	rootObject = 525B7E9D289009ED0099C11C /* Project object */;
}
